{
  "name": "artisan",
  "version": "1.0.0",
  "lockfileVersion": 2,
  "requires": true,
  "packages": {
    "": {
      "name": "artisan",
      "version": "1.0.0",
      "license": "ISC",
      "dependencies": {
        "artisan": "file:scafold"
      }
    },
    "node_modules/artisan": {
      "resolved": "scafold",
      "link": true
    },
    "scafold": {
      "version": "1.0.0",
      "license": "ISC"
    }
  },
  "dependencies": {
    "artisan": {
      "version": "file:scafold"
    }
  }
}
